
Microsoft Visual Studio Solution File, Format Version 12.00
# Visual Studio Version 16
VisualStudioVersion = 16.0.29613.14
MinimumVisualStudioVersion = 10.0.40219.1
Project("{FAE04EC0-301F-11D3-BF4B-00C04F79EFBC}") = "Superposition", "Superposition\Superposition.csproj", "{CFF91639-5FB8-49AF-8101-48616E9CBCC4}"
EndProject
Global
	GlobalSection(SolutionConfigurationPlatforms) = preSolution
		Debug|Any CPU = Debug|Any CPU
		Release|Any CPU = Release|Any CPU
	EndGlobalSection
	GlobalSection(ProjectConfigurationPlatforms) = postSolution
		{CFF91639-5FB8-49AF-8101-48616E9CBCC4}.Debug|Any CPU.ActiveCfg = Debug|Any CPU
		{CFF91639-5FB8-49AF-8101-48616E9CBCC4}.Debug|Any CPU.Build.0 = Debug|Any CPU
		{CFF91639-5FB8-49AF-8101-48616E9CBCC4}.Release|Any CPU.ActiveCfg = Release|Any CPU
		{CFF91639-5FB8-49AF-8101-48616E9CBCC4}.Release|Any CPU.Build.0 = Release|Any CPU
	EndGlobalSection
	GlobalSection(SolutionProperties) = preSolution
		HideSolutionNode = FALSE
	EndGlobalSection
	GlobalSection(ExtensibilityGlobals) = postSolution
		SolutionGuid = {62FCC607-0AEA-4276-BF19-E52FD07D2FF1}
	EndGlobalSection
EndGlobal
